
Microsoft Visual Studio Solution File, Format Version 12.00
# Visual Studio Version 17
VisualStudioVersion = 17.0.31903.59
MinimumVisualStudioVersion = 10.0.40219.1
Project("{FAE04EC0-301F-11D3-BF4B-00C04F79EFBC}") = "SportsStore", "SportsStore\SportsStore.csproj", "{37E71AE6-3119-448F-A548-3DC94525723D}"
EndProject
Project("{FAE04EC0-301F-11D3-BF4B-00C04F79EFBC}") = "SportsStore.Tests", "SportsStore.Tests\SportsStore.Tests.csproj", "{F0985AE9-658B-42F2-8928-4DE35395F860}"
EndProject
Global
	GlobalSection(SolutionConfigurationPlatforms) = preSolution
		Debug|Any CPU = Debug|Any CPU
		Release|Any CPU = Release|Any CPU
	EndGlobalSection
	GlobalSection(SolutionProperties) = preSolution
		HideSolutionNode = FALSE
	EndGlobalSection
	GlobalSection(ProjectConfigurationPlatforms) = postSolution
		{37E71AE6-3119-448F-A548-3DC94525723D}.Debug|Any CPU.ActiveCfg = Debug|Any CPU
		{37E71AE6-3119-448F-A548-3DC94525723D}.Debug|Any CPU.Build.0 = Debug|Any CPU
		{37E71AE6-3119-448F-A548-3DC94525723D}.Release|Any CPU.ActiveCfg = Release|Any CPU
		{37E71AE6-3119-448F-A548-3DC94525723D}.Release|Any CPU.Build.0 = Release|Any CPU
		{F0985AE9-658B-42F2-8928-4DE35395F860}.Debug|Any CPU.ActiveCfg = Debug|Any CPU
		{F0985AE9-658B-42F2-8928-4DE35395F860}.Debug|Any CPU.Build.0 = Debug|Any CPU
		{F0985AE9-658B-42F2-8928-4DE35395F860}.Release|Any CPU.ActiveCfg = Release|Any CPU
		{F0985AE9-658B-42F2-8928-4DE35395F860}.Release|Any CPU.Build.0 = Release|Any CPU
	EndGlobalSection
EndGlobal
